
Microsoft Visual Studio Solution File, Format Version 12.00
# Visual Studio Version 17
VisualStudioVersion = 17.8.34511.84
MinimumVisualStudioVersion = 10.0.40219.1
Project("{FAE04EC0-301F-11D3-BF4B-00C04F79EFBC}") = "Hotellerie-RahmaBrahem", "Hotellerie-RahmaBrahem\Hotellerie-RahmaBrahem.csproj", "{2BE0109D-288C-4CB5-ACBE-F6EF192962E9}"
EndProject
Global
	GlobalSection(SolutionConfigurationPlatforms) = preSolution
		Debug|Any CPU = Debug|Any CPU
		Release|Any CPU = Release|Any CPU
	EndGlobalSection
	GlobalSection(ProjectConfigurationPlatforms) = postSolution
		{2BE0109D-288C-4CB5-ACBE-F6EF192962E9}.Debug|Any CPU.ActiveCfg = Debug|Any CPU
		{2BE0109D-288C-4CB5-ACBE-F6EF192962E9}.Debug|Any CPU.Build.0 = Debug|Any CPU
		{2BE0109D-288C-4CB5-ACBE-F6EF192962E9}.Release|Any CPU.ActiveCfg = Release|Any CPU
		{2BE0109D-288C-4CB5-ACBE-F6EF192962E9}.Release|Any CPU.Build.0 = Release|Any CPU
	EndGlobalSection
	GlobalSection(SolutionProperties) = preSolution
		HideSolutionNode = FALSE
	EndGlobalSection
	GlobalSection(ExtensibilityGlobals) = postSolution
		SolutionGuid = {97BFCF64-8474-4C26-99E0-623EFF68EEEE}
	EndGlobalSection
EndGlobal
